%{
  "elixir_make": {:hex, :elixir_make, "0.4.1", "6628b86053190a80b9072382bb9756a6c78624f208ec0ff22cb94c8977d80060", [:mix], [], "hexpm"},
  "nerves_uart": {:hex, :nerves_uart, "1.0.1", "ae5ea13e37b4585e210c50d9e56d58ab02454363474d6177c255da2306ff56b6", [:mix], [{:elixir_make, "~> 0.4", [hex: :elixir_make, repo: "hexpm", optional: false]}], "hexpm"},
}
